// !$*UTF8*$!
{
	archiveVersion = 1;
	classes = {
	};
	objectVersion = 46;
	objects = {

/* Begin PBXBuildFile section */
		82E724F31BECB06F00C7BAF9 /* UIKit.framework in Frameworks */ = {isa = PBXBuildFile; fileRef = 82E724F21BECB06F00C7BAF9 /* UIKit.framework */; };
		82E725111BECB0BB00C7BAF9 /* TSDefines.h in Headers */ = {isa = PBXBuildFile; fileRef = 82E724F51BECB0BB00C7BAF9 /* TSDefines.h */; };
		82E725121BECB0BB00C7BAF9 /* TSUtils.h in Headers */ = {isa = PBXBuildFile; fileRef = 82E724F61BECB0BB00C7BAF9 /* TSUtils.h */; };
		82E725131BECB0BB00C7BAF9 /* TSUtils.m in Sources */ = {isa = PBXBuildFile; fileRef = 82E724F71BECB0BB00C7BAF9 /* TSUtils.m */; };
		82E725141BECB0BB00C7BAF9 /* TSTableViewAppearanceCoordinator.h in Headers */ = {isa = PBXBuildFile; fileRef = 82E724FA1BECB0BB00C7BAF9 /* TSTableViewAppearanceCoordinator.h */; settings = {ATTRIBUTES = (Private, ); }; };
		82E725151BECB0BB00C7BAF9 /* TSTableViewContentHolder.h in Headers */ = {isa = PBXBuildFile; fileRef = 82E724FB1BECB0BB00C7BAF9 /* TSTableViewContentHolder.h */; settings = {ATTRIBUTES = (Private, ); }; };
		82E725161BECB0BB00C7BAF9 /* TSTableViewContentHolder.m in Sources */ = {isa = PBXBuildFile; fileRef = 82E724FC1BECB0BB00C7BAF9 /* TSTableViewContentHolder.m */; };
		82E725171BECB0BB00C7BAF9 /* TSTableViewExpandControlPanel.h in Headers */ = {isa = PBXBuildFile; fileRef = 82E724FD1BECB0BB00C7BAF9 /* TSTableViewExpandControlPanel.h */; settings = {ATTRIBUTES = (Private, ); }; };
		82E725181BECB0BB00C7BAF9 /* TSTableViewExpandControlPanel.m in Sources */ = {isa = PBXBuildFile; fileRef = 82E724FE1BECB0BB00C7BAF9 /* TSTableViewExpandControlPanel.m */; };
		82E725191BECB0BB00C7BAF9 /* TSTableViewExpandSection.h in Headers */ = {isa = PBXBuildFile; fileRef = 82E724FF1BECB0BB00C7BAF9 /* TSTableViewExpandSection.h */; settings = {ATTRIBUTES = (Private, ); }; };
		82E7251A1BECB0BB00C7BAF9 /* TSTableViewExpandSection.m in Sources */ = {isa = PBXBuildFile; fileRef = 82E725001BECB0BB00C7BAF9 /* TSTableViewExpandSection.m */; };
		82E7251B1BECB0BB00C7BAF9 /* TSTableViewHeaderPanel.h in Headers */ = {isa = PBXBuildFile; fileRef = 82E725011BECB0BB00C7BAF9 /* TSTableViewHeaderPanel.h */; settings = {ATTRIBUTES = (Private, ); }; };
		82E7251C1BECB0BB00C7BAF9 /* TSTableViewHeaderPanel.m in Sources */ = {isa = PBXBuildFile; fileRef = 82E725021BECB0BB00C7BAF9 /* TSTableViewHeaderPanel.m */; };
		82E7251D1BECB0BB00C7BAF9 /* TSTableViewHeaderSection.h in Headers */ = {isa = PBXBuildFile; fileRef = 82E725031BECB0BB00C7BAF9 /* TSTableViewHeaderSection.h */; settings = {ATTRIBUTES = (Private, ); }; };
		82E7251E1BECB0BB00C7BAF9 /* TSTableViewHeaderSection.m in Sources */ = {isa = PBXBuildFile; fileRef = 82E725041BECB0BB00C7BAF9 /* TSTableViewHeaderSection.m */; };
		82E7251F1BECB0BB00C7BAF9 /* TSTableViewRow.h in Headers */ = {isa = PBXBuildFile; fileRef = 82E725051BECB0BB00C7BAF9 /* TSTableViewRow.h */; settings = {ATTRIBUTES = (Private, ); }; };
		82E725201BECB0BB00C7BAF9 /* TSTableViewRow.m in Sources */ = {isa = PBXBuildFile; fileRef = 82E725061BECB0BB00C7BAF9 /* TSTableViewRow.m */; };
		82E725211BECB0BB00C7BAF9 /* TSTableView.h in Headers */ = {isa = PBXBuildFile; fileRef = 82E725071BECB0BB00C7BAF9 /* TSTableView.h */; settings = {ATTRIBUTES = (Public, ); }; };
		82E725221BECB0BB00C7BAF9 /* TSTableView.m in Sources */ = {isa = PBXBuildFile; fileRef = 82E725081BECB0BB00C7BAF9 /* TSTableView.m */; };
		82E725231BECB0BB00C7BAF9 /* TSTableViewCell.h in Headers */ = {isa = PBXBuildFile; fileRef = 82E725091BECB0BB00C7BAF9 /* TSTableViewCell.h */; settings = {ATTRIBUTES = (Public, ); }; };
		82E725241BECB0BB00C7BAF9 /* TSTableViewCell.m in Sources */ = {isa = PBXBuildFile; fileRef = 82E7250A1BECB0BB00C7BAF9 /* TSTableViewCell.m */; };
		82E725251BECB0BB00C7BAF9 /* TSTableViewDataSource.h in Headers */ = {isa = PBXBuildFile; fileRef = 82E7250B1BECB0BB00C7BAF9 /* TSTableViewDataSource.h */; settings = {ATTRIBUTES = (Public, ); }; };
		82E725261BECB0BB00C7BAF9 /* TSTableViewDelegate.h in Headers */ = {isa = PBXBuildFile; fileRef = 82E7250C1BECB0BB00C7BAF9 /* TSTableViewDelegate.h */; settings = {ATTRIBUTES = (Public, ); }; };
		82E725271BECB0BB00C7BAF9 /* TSTableViewHeaderSectionView.h in Headers */ = {isa = PBXBuildFile; fileRef = 82E7250D1BECB0BB00C7BAF9 /* TSTableViewHeaderSectionView.h */; settings = {ATTRIBUTES = (Public, ); }; };
		82E725281BECB0BB00C7BAF9 /* TSTableViewHeaderSectionView.m in Sources */ = {isa = PBXBuildFile; fileRef = 82E7250E1BECB0BB00C7BAF9 /* TSTableViewHeaderSectionView.m */; };
		82E725291BECB0BB00C7BAF9 /* TSTableViewModel.h in Headers */ = {isa = PBXBuildFile; fileRef = 82E7250F1BECB0BB00C7BAF9 /* TSTableViewModel.h */; settings = {ATTRIBUTES = (Public, ); }; };
		82E7252A1BECB0BB00C7BAF9 /* TSTableViewModel.m in Sources */ = {isa = PBXBuildFile; fileRef = 82E725101BECB0BB00C7BAF9 /* TSTableViewModel.m */; };
		82E7252E1BECB15B00C7BAF9 /* Foundation.framework in Frameworks */ = {isa = PBXBuildFile; fileRef = 82E7252D1BECB15B00C7BAF9 /* Foundation.framework */; };
		82E725301BECB16000C7BAF9 /* CoreGraphics.framework in Frameworks */ = {isa = PBXBuildFile; fileRef = 82E7252F1BECB16000C7BAF9 /* CoreGraphics.framework */; };
		82E725381BECB9A000C7BAF9 /* TSTableViewContentHolder.m in Headers */ = {isa = PBXBuildFile; fileRef = 82E724FC1BECB0BB00C7BAF9 /* TSTableViewContentHolder.m */; settings = {ATTRIBUTES = (Private, ); }; };
		82E725391BECB9A000C7BAF9 /* TSTableViewExpandControlPanel.m in Headers */ = {isa = PBXBuildFile; fileRef = 82E724FE1BECB0BB00C7BAF9 /* TSTableViewExpandControlPanel.m */; settings = {ATTRIBUTES = (Private, ); }; };
		82E7253A1BECB9A000C7BAF9 /* TSTableViewExpandSection.m in Headers */ = {isa = PBXBuildFile; fileRef = 82E725001BECB0BB00C7BAF9 /* TSTableViewExpandSection.m */; settings = {ATTRIBUTES = (Private, ); }; };
		82E7253B1BECB9A000C7BAF9 /* TSTableViewHeaderPanel.m in Headers */ = {isa = PBXBuildFile; fileRef = 82E725021BECB0BB00C7BAF9 /* TSTableViewHeaderPanel.m */; settings = {ATTRIBUTES = (Private, ); }; };
		82E7253C1BECB9A000C7BAF9 /* TSTableViewHeaderSection.m in Headers */ = {isa = PBXBuildFile; fileRef = 82E725041BECB0BB00C7BAF9 /* TSTableViewHeaderSection.m */; settings = {ATTRIBUTES = (Private, ); }; };
		82E7253D1BECB9A000C7BAF9 /* TSTableViewRow.m in Headers */ = {isa = PBXBuildFile; fileRef = 82E725061BECB0BB00C7BAF9 /* TSTableViewRow.m */; settings = {ATTRIBUTES = (Private, ); }; };
		82E725401BECBB6C00C7BAF9 /* TSTableViewAppearanceHelper.h in Headers */ = {isa = PBXBuildFile; fileRef = 82E7253E1BECBB6C00C7BAF9 /* TSTableViewAppearanceHelper.h */; settings = {ATTRIBUTES = (Public, ); }; };
		82E725411BECBB6C00C7BAF9 /* TSTableViewAppearanceHelper.m in Sources */ = {isa = PBXBuildFile; fileRef = 82E7253F1BECBB6C00C7BAF9 /* TSTableViewAppearanceHelper.m */; };
/* End PBXBuildFile section */

/* Begin PBXFileReference section */
		82E724E71BECB05C00C7BAF9 /* TSTableView.framework */ = {isa = PBXFileReference; explicitFileType = wrapper.framework; includeInIndex = 0; path = TSTableView.framework; sourceTree = BUILT_PRODUCTS_DIR; };
		82E724EC1BECB05C00C7BAF9 /* Info.plist */ = {isa = PBXFileReference; lastKnownFileType = text.plist.xml; path = Info.plist; sourceTree = "<group>"; };
		82E724F21BECB06F00C7BAF9 /* UIKit.framework */ = {isa = PBXFileReference; lastKnownFileType = wrapper.framework; name = UIKit.framework; path = System/Library/Frameworks/UIKit.framework; sourceTree = SDKROOT; };
		82E724F51BECB0BB00C7BAF9 /* TSDefines.h */ = {isa = PBXFileReference; fileEncoding = 4; lastKnownFileType = sourcecode.c.h; path = TSDefines.h; sourceTree = "<group>"; };
		82E724F61BECB0BB00C7BAF9 /* TSUtils.h */ = {isa = PBXFileReference; fileEncoding = 4; lastKnownFileType = sourcecode.c.h; path = TSUtils.h; sourceTree = "<group>"; };
		82E724F71BECB0BB00C7BAF9 /* TSUtils.m */ = {isa = PBXFileReference; fileEncoding = 4; lastKnownFileType = sourcecode.c.objc; path = TSUtils.m; sourceTree = "<group>"; };
		82E724FA1BECB0BB00C7BAF9 /* TSTableViewAppearanceCoordinator.h */ = {isa = PBXFileReference; fileEncoding = 4; lastKnownFileType = sourcecode.c.h; path = TSTableViewAppearanceCoordinator.h; sourceTree = "<group>"; };
		82E724FB1BECB0BB00C7BAF9 /* TSTableViewContentHolder.h */ = {isa = PBXFileReference; fileEncoding = 4; lastKnownFileType = sourcecode.c.h; path = TSTableViewContentHolder.h; sourceTree = "<group>"; };
		82E724FC1BECB0BB00C7BAF9 /* TSTableViewContentHolder.m */ = {isa = PBXFileReference; fileEncoding = 4; lastKnownFileType = sourcecode.c.objc; path = TSTableViewContentHolder.m; sourceTree = "<group>"; };
		82E724FD1BECB0BB00C7BAF9 /* TSTableViewExpandControlPanel.h */ = {isa = PBXFileReference; fileEncoding = 4; lastKnownFileType = sourcecode.c.h; path = TSTableViewExpandControlPanel.h; sourceTree = "<group>"; };
		82E724FE1BECB0BB00C7BAF9 /* TSTableViewExpandControlPanel.m */ = {isa = PBXFileReference; fileEncoding = 4; lastKnownFileType = sourcecode.c.objc; path = TSTableViewExpandControlPanel.m; sourceTree = "<group>"; };
		82E724FF1BECB0BB00C7BAF9 /* TSTableViewExpandSection.h */ = {isa = PBXFileReference; fileEncoding = 4; lastKnownFileType = sourcecode.c.h; path = TSTableViewExpandSection.h; sourceTree = "<group>"; };
		82E725001BECB0BB00C7BAF9 /* TSTableViewExpandSection.m */ = {isa = PBXFileReference; fileEncoding = 4; lastKnownFileType = sourcecode.c.objc; path = TSTableViewExpandSection.m; sourceTree = "<group>"; };
		82E725011BECB0BB00C7BAF9 /* TSTableViewHeaderPanel.h */ = {isa = PBXFileReference; fileEncoding = 4; lastKnownFileType = sourcecode.c.h; path = TSTableViewHeaderPanel.h; sourceTree = "<group>"; };
		82E725021BECB0BB00C7BAF9 /* TSTableViewHeaderPanel.m */ = {isa = PBXFileReference; fileEncoding = 4; lastKnownFileType = sourcecode.c.objc; path = TSTableViewHeaderPanel.m; sourceTree = "<group>"; };
		82E725031BECB0BB00C7BAF9 /* TSTableViewHeaderSection.h */ = {isa = PBXFileReference; fileEncoding = 4; lastKnownFileType = sourcecode.c.h; path = TSTableViewHeaderSection.h; sourceTree = "<group>"; };
		82E725041BECB0BB00C7BAF9 /* TSTableViewHeaderSection.m */ = {isa = PBXFileReference; fileEncoding = 4; lastKnownFileType = sourcecode.c.objc; path = TSTableViewHeaderSection.m; sourceTree = "<group>"; };
		82E725051BECB0BB00C7BAF9 /* TSTableViewRow.h */ = {isa = PBXFileReference; fileEncoding = 4; lastKnownFileType = sourcecode.c.h; path = TSTableViewRow.h; sourceTree = "<group>"; };
		82E725061BECB0BB00C7BAF9 /* TSTableViewRow.m */ = {isa = PBXFileReference; fileEncoding = 4; lastKnownFileType = sourcecode.c.objc; path = TSTableViewRow.m; sourceTree = "<group>"; };
		82E725071BECB0BB00C7BAF9 /* TSTableView.h */ = {isa = PBXFileReference; fileEncoding = 4; lastKnownFileType = sourcecode.c.h; path = TSTableView.h; sourceTree = "<group>"; };
		82E725081BECB0BB00C7BAF9 /* TSTableView.m */ = {isa = PBXFileReference; fileEncoding = 4; lastKnownFileType = sourcecode.c.objc; path = TSTableView.m; sourceTree = "<group>"; };
		82E725091BECB0BB00C7BAF9 /* TSTableViewCell.h */ = {isa = PBXFileReference; fileEncoding = 4; lastKnownFileType = sourcecode.c.h; path = TSTableViewCell.h; sourceTree = "<group>"; };
		82E7250A1BECB0BB00C7BAF9 /* TSTableViewCell.m */ = {isa = PBXFileReference; fileEncoding = 4; lastKnownFileType = sourcecode.c.objc; path = TSTableViewCell.m; sourceTree = "<group>"; };
		82E7250B1BECB0BB00C7BAF9 /* TSTableViewDataSource.h */ = {isa = PBXFileReference; fileEncoding = 4; lastKnownFileType = sourcecode.c.h; path = TSTableViewDataSource.h; sourceTree = "<group>"; };
		82E7250C1BECB0BB00C7BAF9 /* TSTableViewDelegate.h */ = {isa = PBXFileReference; fileEncoding = 4; lastKnownFileType = sourcecode.c.h; path = TSTableViewDelegate.h; sourceTree = "<group>"; };
		82E7250D1BECB0BB00C7BAF9 /* TSTableViewHeaderSectionView.h */ = {isa = PBXFileReference; fileEncoding = 4; lastKnownFileType = sourcecode.c.h; path = TSTableViewHeaderSectionView.h; sourceTree = "<group>"; };
		82E7250E1BECB0BB00C7BAF9 /* TSTableViewHeaderSectionView.m */ = {isa = PBXFileReference; fileEncoding = 4; lastKnownFileType = sourcecode.c.objc; path = TSTableViewHeaderSectionView.m; sourceTree = "<group>"; };
		82E7250F1BECB0BB00C7BAF9 /* TSTableViewModel.h */ = {isa = PBXFileReference; fileEncoding = 4; lastKnownFileType = sourcecode.c.h; path = TSTableViewModel.h; sourceTree = "<group>"; };
		82E725101BECB0BB00C7BAF9 /* TSTableViewModel.m */ = {isa = PBXFileReference; fileEncoding = 4; lastKnownFileType = sourcecode.c.objc; path = TSTableViewModel.m; sourceTree = "<group>"; };
		82E7252D1BECB15B00C7BAF9 /* Foundation.framework */ = {isa = PBXFileReference; lastKnownFileType = wrapper.framework; name = Foundation.framework; path = System/Library/Frameworks/Foundation.framework; sourceTree = SDKROOT; };
		82E7252F1BECB16000C7BAF9 /* CoreGraphics.framework */ = {isa = PBXFileReference; lastKnownFileType = wrapper.framework; name = CoreGraphics.framework; path = System/Library/Frameworks/CoreGraphics.framework; sourceTree = SDKROOT; };
		82E7253E1BECBB6C00C7BAF9 /* TSTableViewAppearanceHelper.h */ = {isa = PBXFileReference; fileEncoding = 4; lastKnownFileType = sourcecode.c.h; path = TSTableViewAppearanceHelper.h; sourceTree = "<group>"; };
		82E7253F1BECBB6C00C7BAF9 /* TSTableViewAppearanceHelper.m */ = {isa = PBXFileReference; fileEncoding = 4; lastKnownFileType = sourcecode.c.objc; path = TSTableViewAppearanceHelper.m; sourceTree = "<group>"; };
/* End PBXFileReference section */

/* Begin PBXFrameworksBuildPhase section */
		82E724E31BECB05C00C7BAF9 /* Frameworks */ = {
			isa = PBXFrameworksBuildPhase;
			buildActionMask = 2147483647;
			files = (
				82E725301BECB16000C7BAF9 /* CoreGraphics.framework in Frameworks */,
				82E7252E1BECB15B00C7BAF9 /* Foundation.framework in Frameworks */,
				82E724F31BECB06F00C7BAF9 /* UIKit.framework in Frameworks */,
			);
			runOnlyForDeploymentPostprocessing = 0;
		};
/* End PBXFrameworksBuildPhase section */

/* Begin PBXGroup section */
		82E724DD1BECB05C00C7BAF9 = {
			isa = PBXGroup;
			children = (
				82E724E91BECB05C00C7BAF9 /* TSTableView */,
				82E725311BECB18000C7BAF9 /* Frameworks */,
				82E724E81BECB05C00C7BAF9 /* Products */,
			);
			sourceTree = "<group>";
		};
		82E724E81BECB05C00C7BAF9 /* Products */ = {
			isa = PBXGroup;
			children = (
				82E724E71BECB05C00C7BAF9 /* TSTableView.framework */,
			);
			name = Products;
			sourceTree = "<group>";
		};
		82E724E91BECB05C00C7BAF9 /* TSTableView */ = {
			isa = PBXGroup;
			children = (
				82E724F41BECB0BB00C7BAF9 /* TSMisc */,
				82E724F81BECB0BB00C7BAF9 /* TSTableView */,
				82E724EC1BECB05C00C7BAF9 /* Info.plist */,
			);
			path = TSTableView;
			sourceTree = "<group>";
		};
		82E724F41BECB0BB00C7BAF9 /* TSMisc */ = {
			isa = PBXGroup;
			children = (
				82E724F51BECB0BB00C7BAF9 /* TSDefines.h */,
				82E724F61BECB0BB00C7BAF9 /* TSUtils.h */,
				82E724F71BECB0BB00C7BAF9 /* TSUtils.m */,
			);
			path = TSMisc;
			sourceTree = "<group>";
		};
		82E724F81BECB0BB00C7BAF9 /* TSTableView */ = {
			isa = PBXGroup;
			children = (
				82E724F91BECB0BB00C7BAF9 /* Private */,
				82E725071BECB0BB00C7BAF9 /* TSTableView.h */,
				82E725081BECB0BB00C7BAF9 /* TSTableView.m */,
				82E725091BECB0BB00C7BAF9 /* TSTableViewCell.h */,
				82E7250A1BECB0BB00C7BAF9 /* TSTableViewCell.m */,
				82E7250B1BECB0BB00C7BAF9 /* TSTableViewDataSource.h */,
				82E7250C1BECB0BB00C7BAF9 /* TSTableViewDelegate.h */,
				82E7250D1BECB0BB00C7BAF9 /* TSTableViewHeaderSectionView.h */,
				82E7250E1BECB0BB00C7BAF9 /* TSTableViewHeaderSectionView.m */,
				82E7250F1BECB0BB00C7BAF9 /* TSTableViewModel.h */,
				82E725101BECB0BB00C7BAF9 /* TSTableViewModel.m */,
				82E7253E1BECBB6C00C7BAF9 /* TSTableViewAppearanceHelper.h */,
				82E7253F1BECBB6C00C7BAF9 /* TSTableViewAppearanceHelper.m */,
			);
			path = TSTableView;
			sourceTree = "<group>";
		};
		82E724F91BECB0BB00C7BAF9 /* Private */ = {
			isa = PBXGroup;
			children = (
				82E724FA1BECB0BB00C7BAF9 /* TSTableViewAppearanceCoordinator.h */,
				82E724FB1BECB0BB00C7BAF9 /* TSTableViewContentHolder.h */,
				82E724FC1BECB0BB00C7BAF9 /* TSTableViewContentHolder.m */,
				82E724FD1BECB0BB00C7BAF9 /* TSTableViewExpandControlPanel.h */,
				82E724FE1BECB0BB00C7BAF9 /* TSTableViewExpandControlPanel.m */,
				82E724FF1BECB0BB00C7BAF9 /* TSTableViewExpandSection.h */,
				82E725001BECB0BB00C7BAF9 /* TSTableViewExpandSection.m */,
				82E725011BECB0BB00C7BAF9 /* TSTableViewHeaderPanel.h */,
				82E725021BECB0BB00C7BAF9 /* TSTableViewHeaderPanel.m */,
				82E725031BECB0BB00C7BAF9 /* TSTableViewHeaderSection.h */,
				82E725041BECB0BB00C7BAF9 /* TSTableViewHeaderSection.m */,
				82E725051BECB0BB00C7BAF9 /* TSTableViewRow.h */,
				82E725061BECB0BB00C7BAF9 /* TSTableViewRow.m */,
			);
			path = Private;
			sourceTree = "<group>";
		};
		82E725311BECB18000C7BAF9 /* Frameworks */ = {
			isa = PBXGroup;
			children = (
				82E7252D1BECB15B00C7BAF9 /* Foundation.framework */,
				82E7252F1BECB16000C7BAF9 /* CoreGraphics.framework */,
				82E724F21BECB06F00C7BAF9 /* UIKit.framework */,
			);
			name = Frameworks;
			sourceTree = "<group>";
		};
/* End PBXGroup section */

/* Begin PBXHeadersBuildPhase section */
		82E724E41BECB05C00C7BAF9 /* Headers */ = {
			isa = PBXHeadersBuildPhase;
			buildActionMask = 2147483647;
			files = (
				82E725211BECB0BB00C7BAF9 /* TSTableView.h in Headers */,
				82E725231BECB0BB00C7BAF9 /* TSTableViewCell.h in Headers */,
				82E725251BECB0BB00C7BAF9 /* TSTableViewDataSource.h in Headers */,
				82E725261BECB0BB00C7BAF9 /* TSTableViewDelegate.h in Headers */,
				82E725271BECB0BB00C7BAF9 /* TSTableViewHeaderSectionView.h in Headers */,
				82E725401BECBB6C00C7BAF9 /* TSTableViewAppearanceHelper.h in Headers */,
				82E725291BECB0BB00C7BAF9 /* TSTableViewModel.h in Headers */,
				82E725141BECB0BB00C7BAF9 /* TSTableViewAppearanceCoordinator.h in Headers */,
				82E725151BECB0BB00C7BAF9 /* TSTableViewContentHolder.h in Headers */,
				82E725381BECB9A000C7BAF9 /* TSTableViewContentHolder.m in Headers */,
				82E725171BECB0BB00C7BAF9 /* TSTableViewExpandControlPanel.h in Headers */,
				82E725391BECB9A000C7BAF9 /* TSTableViewExpandControlPanel.m in Headers */,
				82E725191BECB0BB00C7BAF9 /* TSTableViewExpandSection.h in Headers */,
				82E7253A1BECB9A000C7BAF9 /* TSTableViewExpandSection.m in Headers */,
				82E7251B1BECB0BB00C7BAF9 /* TSTableViewHeaderPanel.h in Headers */,
				82E7253B1BECB9A000C7BAF9 /* TSTableViewHeaderPanel.m in Headers */,
				82E7251D1BECB0BB00C7BAF9 /* TSTableViewHeaderSection.h in Headers */,
				82E7253C1BECB9A000C7BAF9 /* TSTableViewHeaderSection.m in Headers */,
				82E7251F1BECB0BB00C7BAF9 /* TSTableViewRow.h in Headers */,
				82E7253D1BECB9A000C7BAF9 /* TSTableViewRow.m in Headers */,
				82E725111BECB0BB00C7BAF9 /* TSDefines.h in Headers */,
				82E725121BECB0BB00C7BAF9 /* TSUtils.h in Headers */,
			);
			runOnlyForDeploymentPostprocessing = 0;
		};
/* End PBXHeadersBuildPhase section */

/* Begin PBXNativeTarget section */
		82E724E61BECB05C00C7BAF9 /* TSTableView */ = {
			isa = PBXNativeTarget;
			buildConfigurationList = 82E724EF1BECB05C00C7BAF9 /* Build configuration list for PBXNativeTarget "TSTableView" */;
			buildPhases = (
				82E724E21BECB05C00C7BAF9 /* Sources */,
				82E724E31BECB05C00C7BAF9 /* Frameworks */,
				82E724E41BECB05C00C7BAF9 /* Headers */,
				82E724E51BECB05C00C7BAF9 /* Resources */,
			);
			buildRules = (
			);
			dependencies = (
			);
			name = TSTableView;
			productName = TSTableView;
			productReference = 82E724E71BECB05C00C7BAF9 /* TSTableView.framework */;
			productType = "com.apple.product-type.framework";
		};
/* End PBXNativeTarget section */

/* Begin PBXProject section */
		82E724DE1BECB05C00C7BAF9 /* Project object */ = {
			isa = PBXProject;
			attributes = {
				LastUpgradeCheck = 0710;
				TargetAttributes = {
					82E724E61BECB05C00C7BAF9 = {
						CreatedOnToolsVersion = 7.1;
					};
				};
			};
			buildConfigurationList = 82E724E11BECB05C00C7BAF9 /* Build configuration list for PBXProject "TSTableView" */;
			compatibilityVersion = "Xcode 3.2";
			developmentRegion = English;
			hasScannedForEncodings = 0;
			knownRegions = (
				en,
			);
			mainGroup = 82E724DD1BECB05C00C7BAF9;
			productRefGroup = 82E724E81BECB05C00C7BAF9 /* Products */;
			projectDirPath = "";
			projectRoot = "";
			targets = (
				82E724E61BECB05C00C7BAF9 /* TSTableView */,
			);
		};
/* End PBXProject section */

/* Begin PBXResourcesBuildPhase section */
		82E724E51BECB05C00C7BAF9 /* Resources */ = {
			isa = PBXResourcesBuildPhase;
			buildActionMask = 2147483647;
			files = (
			);
			runOnlyForDeploymentPostprocessing = 0;
		};
/* End PBXResourcesBuildPhase section */

/* Begin PBXSourcesBuildPhase section */
		82E724E21BECB05C00C7BAF9 /* Sources */ = {
			isa = PBXSourcesBuildPhase;
			buildActionMask = 2147483647;
			files = (
				82E7251A1BECB0BB00C7BAF9 /* TSTableViewExpandSection.m in Sources */,
				82E7251C1BECB0BB00C7BAF9 /* TSTableViewHeaderPanel.m in Sources */,
				82E725281BECB0BB00C7BAF9 /* TSTableViewHeaderSectionView.m in Sources */,
				82E725221BECB0BB00C7BAF9 /* TSTableView.m in Sources */,
				82E725161BECB0BB00C7BAF9 /* TSTableViewContentHolder.m in Sources */,
				82E725201BECB0BB00C7BAF9 /* TSTableViewRow.m in Sources */,
				82E725241BECB0BB00C7BAF9 /* TSTableViewCell.m in Sources */,
				82E7252A1BECB0BB00C7BAF9 /* TSTableViewModel.m in Sources */,
				82E7251E1BECB0BB00C7BAF9 /* TSTableViewHeaderSection.m in Sources */,
				82E725131BECB0BB00C7BAF9 /* TSUtils.m in Sources */,
				82E725411BECBB6C00C7BAF9 /* TSTableViewAppearanceHelper.m in Sources */,
				82E725181BECB0BB00C7BAF9 /* TSTableViewExpandControlPanel.m in Sources */,
			);
			runOnlyForDeploymentPostprocessing = 0;
		};
/* End PBXSourcesBuildPhase section */

/* Begin XCBuildConfiguration section */
		82E724ED1BECB05C00C7BAF9 /* Debug */ = {
			isa = XCBuildConfiguration;
			buildSettings = {
				ALWAYS_SEARCH_USER_PATHS = NO;
				CLANG_CXX_LANGUAGE_STANDARD = "gnu++0x";
				CLANG_CXX_LIBRARY = "libc++";
				CLANG_ENABLE_MODULES = YES;
				CLANG_ENABLE_OBJC_ARC = YES;
				CLANG_WARN_BOOL_CONVERSION = YES;
				CLANG_WARN_CONSTANT_CONVERSION = YES;
				CLANG_WARN_DIRECT_OBJC_ISA_USAGE = YES_ERROR;
				CLANG_WARN_EMPTY_BODY = YES;
				CLANG_WARN_ENUM_CONVERSION = YES;
				CLANG_WARN_INT_CONVERSION = YES;
				CLANG_WARN_OBJC_ROOT_CLASS = YES_ERROR;
				CLANG_WARN_UNREACHABLE_CODE = YES;
				CLANG_WARN__DUPLICATE_METHOD_MATCH = YES;
				"CODE_SIGN_IDENTITY[sdk=iphoneos*]" = "iPhone Developer";
				COPY_PHASE_STRIP = NO;
				CURRENT_PROJECT_VERSION = 1;
				DEBUG_INFORMATION_FORMAT = dwarf;
				ENABLE_STRICT_OBJC_MSGSEND = YES;
				ENABLE_TESTABILITY = YES;
				GCC_C_LANGUAGE_STANDARD = gnu99;
				GCC_DYNAMIC_NO_PIC = NO;
				GCC_NO_COMMON_BLOCKS = YES;
				GCC_OPTIMIZATION_LEVEL = 0;
				GCC_PREPROCESSOR_DEFINITIONS = (
					"DEBUG=1",
					"$(inherited)",
				);
				GCC_WARN_64_TO_32_BIT_CONVERSION = YES;
				GCC_WARN_ABOUT_RETURN_TYPE = YES_ERROR;
				GCC_WARN_UNDECLARED_SELECTOR = YES;
				GCC_WARN_UNINITIALIZED_AUTOS = YES_AGGRESSIVE;
				GCC_WARN_UNUSED_FUNCTION = YES;
				GCC_WARN_UNUSED_VARIABLE = YES;
				IPHONEOS_DEPLOYMENT_TARGET = 9.1;
				MTL_ENABLE_DEBUG_INFO = YES;
				ONLY_ACTIVE_ARCH = YES;
				SDKROOT = iphoneos;
				TARGETED_DEVICE_FAMILY = "1,2";
				VERSIONING_SYSTEM = "apple-generic";
				VERSION_INFO_PREFIX = "";
			};
			name = Debug;
		};
		82E724EE1BECB05C00C7BAF9 /* Release */ = {
			isa = XCBuildConfiguration;
			buildSettings = {
				ALWAYS_SEARCH_USER_PATHS = NO;
				CLANG_CXX_LANGUAGE_STANDARD = "gnu++0x";
				CLANG_CXX_LIBRARY = "libc++";
				CLANG_ENABLE_MODULES = YES;
				CLANG_ENABLE_OBJC_ARC = YES;
				CLANG_WARN_BOOL_CONVERSION = YES;
				CLANG_WARN_CONSTANT_CONVERSION = YES;
				CLANG_WARN_DIRECT_OBJC_ISA_USAGE = YES_ERROR;
				CLANG_WARN_EMPTY_BODY = YES;
				CLANG_WARN_ENUM_CONVERSION = YES;
				CLANG_WARN_INT_CONVERSION = YES;
				CLANG_WARN_OBJC_ROOT_CLASS = YES_ERROR;
				CLANG_WARN_UNREACHABLE_CODE = YES;
				CLANG_WARN__DUPLICATE_METHOD_MATCH = YES;
				"CODE_SIGN_IDENTITY[sdk=iphoneos*]" = "iPhone Developer";
				COPY_PHASE_STRIP = NO;
				CURRENT_PROJECT_VERSION = 1;
				DEBUG_INFORMATION_FORMAT = "dwarf-with-dsym";
				ENABLE_NS_ASSERTIONS = NO;
				ENABLE_STRICT_OBJC_MSGSEND = YES;
				GCC_C_LANGUAGE_STANDARD = gnu99;
				GCC_NO_COMMON_BLOCKS = YES;
				GCC_WARN_64_TO_32_BIT_CONVERSION = YES;
				GCC_WARN_ABOUT_RETURN_TYPE = YES_ERROR;
				GCC_WARN_UNDECLARED_SELECTOR = YES;
				GCC_WARN_UNINITIALIZED_AUTOS = YES_AGGRESSIVE;
				GCC_WARN_UNUSED_FUNCTION = YES;
				GCC_WARN_UNUSED_VARIABLE = YES;
				IPHONEOS_DEPLOYMENT_TARGET = 9.1;
				MTL_ENABLE_DEBUG_INFO = NO;
				SDKROOT = iphoneos;
				TARGETED_DEVICE_FAMILY = "1,2";
				VALIDATE_PRODUCT = YES;
				VERSIONING_SYSTEM = "apple-generic";
				VERSION_INFO_PREFIX = "";
			};
			name = Release;
		};
		82E724F01BECB05C00C7BAF9 /* Debug */ = {
			isa = XCBuildConfiguration;
			buildSettings = {
				DEFINES_MODULE = YES;
				DYLIB_COMPATIBILITY_VERSION = 1;
				DYLIB_CURRENT_VERSION = 1;
				DYLIB_INSTALL_NAME_BASE = "@rpath";
				INFOPLIST_FILE = TSTableView/Info.plist;
				INSTALL_PATH = "$(LOCAL_LIBRARY_DIR)/Frameworks";
				LD_RUNPATH_SEARCH_PATHS = "$(inherited) @executable_path/Frameworks @loader_path/Frameworks";
				PRODUCT_BUNDLE_IDENTIFIER = "Viacheslav-Radchenko.TSTableView";
				PRODUCT_NAME = "$(TARGET_NAME)";
				SKIP_INSTALL = YES;
			};
			name = Debug;
		};
		82E724F11BECB05C00C7BAF9 /* Release */ = {
			isa = XCBuildConfiguration;
			buildSettings = {
				DEFINES_MODULE = YES;
				DYLIB_COMPATIBILITY_VERSION = 1;
				DYLIB_CURRENT_VERSION = 1;
				DYLIB_INSTALL_NAME_BASE = "@rpath";
				INFOPLIST_FILE = TSTableView/Info.plist;
				INSTALL_PATH = "$(LOCAL_LIBRARY_DIR)/Frameworks";
				LD_RUNPATH_SEARCH_PATHS = "$(inherited) @executable_path/Frameworks @loader_path/Frameworks";
				PRODUCT_BUNDLE_IDENTIFIER = "Viacheslav-Radchenko.TSTableView";
				PRODUCT_NAME = "$(TARGET_NAME)";
				SKIP_INSTALL = YES;
			};
			name = Release;
		};
/* End XCBuildConfiguration section */

/* Begin XCConfigurationList section */
		82E724E11BECB05C00C7BAF9 /* Build configuration list for PBXProject "TSTableView" */ = {
			isa = XCConfigurationList;
			buildConfigurations = (
				82E724ED1BECB05C00C7BAF9 /* Debug */,
				82E724EE1BECB05C00C7BAF9 /* Release */,
			);
			defaultConfigurationIsVisible = 0;
			defaultConfigurationName = Release;
		};
		82E724EF1BECB05C00C7BAF9 /* Build configuration list for PBXNativeTarget "TSTableView" */ = {
			isa = XCConfigurationList;
			buildConfigurations = (
				82E724F01BECB05C00C7BAF9 /* Debug */,
				82E724F11BECB05C00C7BAF9 /* Release */,
			);
			defaultConfigurationIsVisible = 0;
		};
/* End XCConfigurationList section */
	};
	rootObject = 82E724DE1BECB05C00C7BAF9 /* Project object */;
}
